// !$*UTF8*$!
{
	archiveVersion = 1;
	classes = {
	};
	objectVersion = 55;
	objects = {

/* Begin PBXBuildFile section */
		5CB8C587292CD16A00A4E380 /* AppDelegate.swift in Sources */ = {isa = PBXBuildFile; fileRef = 5CB8C586292CD16A00A4E380 /* AppDelegate.swift */; };
		5CB8C589292CD16B00A4E380 /* SceneDelegate.swift in Sources */ = {isa = PBXBuildFile; fileRef = 5CB8C588292CD16B00A4E380 /* SceneDelegate.swift */; };
		5CB8C590292CD16F00A4E380 /* Assets.xcassets in Resources */ = {isa = PBXBuildFile; fileRef = 5CB8C58F292CD16F00A4E380 /* Assets.xcassets */; };
		5CB8C593292CD16F00A4E380 /* LaunchScreen.storyboard in Resources */ = {isa = PBXBuildFile; fileRef = 5CB8C591292CD16F00A4E380 /* LaunchScreen.storyboard */; };
		5CB8C59C292CD7AA00A4E380 /* UIViewExtension.swift in Sources */ = {isa = PBXBuildFile; fileRef = 5CB8C59B292CD7AA00A4E380 /* UIViewExtension.swift */; };
		5CB8C5AB292CDA4F00A4E380 /* Reachability.swift in Sources */ = {isa = PBXBuildFile; fileRef = 5CB8C5AA292CDA4F00A4E380 /* Reachability.swift */; };
		5CB8C5AF292CDA9300A4E380 /* LoadingIndicator.xib in Resources */ = {isa = PBXBuildFile; fileRef = 5CB8C5AD292CDA9300A4E380 /* LoadingIndicator.xib */; };
		5CB8C5B0292CDA9300A4E380 /* LoadingIndicator.swift in Sources */ = {isa = PBXBuildFile; fileRef = 5CB8C5AE292CDA9300A4E380 /* LoadingIndicator.swift */; };
		5CB8C5B6292CE23500A4E380 /* AppSingleton.swift in Sources */ = {isa = PBXBuildFile; fileRef = 5CB8C5B5292CE23500A4E380 /* AppSingleton.swift */; };
		5CB8C5B9292CE28800A4E380 /* ThemeManager.swift in Sources */ = {isa = PBXBuildFile; fileRef = 5CB8C5B8292CE28800A4E380 /* ThemeManager.swift */; };
		5CB8C5BB292CE38300A4E380 /* UIFontExtension.swift in Sources */ = {isa = PBXBuildFile; fileRef = 5CB8C5BA292CE38300A4E380 /* UIFontExtension.swift */; };
		5CB8C5F6292CE6A900A4E380 /* UIViewControllerExtension.swift in Sources */ = {isa = PBXBuildFile; fileRef = 5CB8C5F5292CE6A800A4E380 /* UIViewControllerExtension.swift */; };
		5CB8C5F8292CE6E300A4E380 /* StoryboardDesignable.swift in Sources */ = {isa = PBXBuildFile; fileRef = 5CB8C5F7292CE6E300A4E380 /* StoryboardDesignable.swift */; };
		5CBFE9BE292D02E40028FD80 /* DBHelper.swift in Sources */ = {isa = PBXBuildFile; fileRef = 5CBFE9BD292D02E40028FD80 /* DBHelper.swift */; };
		FE068F6C2943379D00BF6D79 /* HTTPMethod.swift in Sources */ = {isa = PBXBuildFile; fileRef = FE068F672943379D00BF6D79 /* HTTPMethod.swift */; };
		FE068F6D2943379D00BF6D79 /* HTTPHeader.swift in Sources */ = {isa = PBXBuildFile; fileRef = FE068F682943379D00BF6D79 /* HTTPHeader.swift */; };
		FE068F6E2943379D00BF6D79 /* ServiceManager.swift in Sources */ = {isa = PBXBuildFile; fileRef = FE068F692943379D00BF6D79 /* ServiceManager.swift */; };
		FE068F6F2943379D00BF6D79 /* RequestError.swift in Sources */ = {isa = PBXBuildFile; fileRef = FE068F6A2943379D00BF6D79 /* RequestError.swift */; };
		FE702784292D0B5F0014EBAA /* SwiftMessages in Frameworks */ = {isa = PBXBuildFile; productRef = FE702783292D0B5F0014EBAA /* SwiftMessages */; };
/* End PBXBuildFile section */

/* Begin PBXFileReference section */
		5CB8C583292CD16A00A4E380 /* Employee.app */ = {isa = PBXFileReference; explicitFileType = wrapper.application; includeInIndex = 0; path = Employee.app; sourceTree = BUILT_PRODUCTS_DIR; };
		5CB8C586292CD16A00A4E380 /* AppDelegate.swift */ = {isa = PBXFileReference; lastKnownFileType = sourcecode.swift; path = AppDelegate.swift; sourceTree = "<group>"; };
		5CB8C588292CD16B00A4E380 /* SceneDelegate.swift */ = {isa = PBXFileReference; lastKnownFileType = sourcecode.swift; path = SceneDelegate.swift; sourceTree = "<group>"; };
		5CB8C58F292CD16F00A4E380 /* Assets.xcassets */ = {isa = PBXFileReference; lastKnownFileType = folder.assetcatalog; path = Assets.xcassets; sourceTree = "<group>"; };
		5CB8C592292CD16F00A4E380 /* Base */ = {isa = PBXFileReference; lastKnownFileType = file.storyboard; name = Base; path = Base.lproj/LaunchScreen.storyboard; sourceTree = "<group>"; };
		5CB8C594292CD16F00A4E380 /* Info.plist */ = {isa = PBXFileReference; lastKnownFileType = text.plist.xml; path = Info.plist; sourceTree = "<group>"; };
		5CB8C59B292CD7AA00A4E380 /* UIViewExtension.swift */ = {isa = PBXFileReference; fileEncoding = 4; lastKnownFileType = sourcecode.swift; path = UIViewExtension.swift; sourceTree = "<group>"; };
		5CB8C5AA292CDA4F00A4E380 /* Reachability.swift */ = {isa = PBXFileReference; fileEncoding = 4; lastKnownFileType = sourcecode.swift; path = Reachability.swift; sourceTree = "<group>"; };
		5CB8C5AD292CDA9300A4E380 /* LoadingIndicator.xib */ = {isa = PBXFileReference; fileEncoding = 4; lastKnownFileType = file.xib; path = LoadingIndicator.xib; sourceTree = "<group>"; };
		5CB8C5AE292CDA9300A4E380 /* LoadingIndicator.swift */ = {isa = PBXFileReference; fileEncoding = 4; lastKnownFileType = sourcecode.swift; path = LoadingIndicator.swift; sourceTree = "<group>"; };
		5CB8C5B5292CE23500A4E380 /* AppSingleton.swift */ = {isa = PBXFileReference; fileEncoding = 4; lastKnownFileType = sourcecode.swift; path = AppSingleton.swift; sourceTree = "<group>"; };
		5CB8C5B8292CE28800A4E380 /* ThemeManager.swift */ = {isa = PBXFileReference; fileEncoding = 4; lastKnownFileType = sourcecode.swift; path = ThemeManager.swift; sourceTree = "<group>"; };
		5CB8C5BA292CE38300A4E380 /* UIFontExtension.swift */ = {isa = PBXFileReference; fileEncoding = 4; lastKnownFileType = sourcecode.swift; path = UIFontExtension.swift; sourceTree = "<group>"; };
		5CB8C5F5292CE6A800A4E380 /* UIViewControllerExtension.swift */ = {isa = PBXFileReference; fileEncoding = 4; lastKnownFileType = sourcecode.swift; path = UIViewControllerExtension.swift; sourceTree = "<group>"; };
		5CB8C5F7292CE6E300A4E380 /* StoryboardDesignable.swift */ = {isa = PBXFileReference; fileEncoding = 4; lastKnownFileType = sourcecode.swift; path = StoryboardDesignable.swift; sourceTree = "<group>"; };
		5CBFE9BD292D02E40028FD80 /* DBHelper.swift */ = {isa = PBXFileReference; fileEncoding = 4; lastKnownFileType = sourcecode.swift; path = DBHelper.swift; sourceTree = "<group>"; };
		FE068F672943379D00BF6D79 /* HTTPMethod.swift */ = {isa = PBXFileReference; fileEncoding = 4; lastKnownFileType = sourcecode.swift; path = HTTPMethod.swift; sourceTree = "<group>"; };
		FE068F682943379D00BF6D79 /* HTTPHeader.swift */ = {isa = PBXFileReference; fileEncoding = 4; lastKnownFileType = sourcecode.swift; path = HTTPHeader.swift; sourceTree = "<group>"; };
		FE068F692943379D00BF6D79 /* ServiceManager.swift */ = {isa = PBXFileReference; fileEncoding = 4; lastKnownFileType = sourcecode.swift; path = ServiceManager.swift; sourceTree = "<group>"; };
		FE068F6A2943379D00BF6D79 /* RequestError.swift */ = {isa = PBXFileReference; fileEncoding = 4; lastKnownFileType = sourcecode.swift; path = RequestError.swift; sourceTree = "<group>"; };
/* End PBXFileReference section */

/* Begin PBXFrameworksBuildPhase section */
		5CB8C580292CD16A00A4E380 /* Frameworks */ = {
			isa = PBXFrameworksBuildPhase;
			buildActionMask = 2147483647;
			files = (
				FE702784292D0B5F0014EBAA /* SwiftMessages in Frameworks */,
			);
			runOnlyForDeploymentPostprocessing = 0;
		};
/* End PBXFrameworksBuildPhase section */

/* Begin PBXGroup section */
		5CB8C57A292CD16A00A4E380 = {
			isa = PBXGroup;
			children = (
				5CB8C585292CD16A00A4E380 /* Employee */,
				5CB8C584292CD16A00A4E380 /* Products */,
			);
			sourceTree = "<group>";
		};
		5CB8C584292CD16A00A4E380 /* Products */ = {
			isa = PBXGroup;
			children = (
				5CB8C583292CD16A00A4E380 /* Employee.app */,
			);
			name = Products;
			sourceTree = "<group>";
		};
		5CB8C585292CD16A00A4E380 /* Employee */ = {
			isa = PBXGroup;
			children = (
				5CB8C5B4292CE21B00A4E380 /* Application */,
				5CB8C59D292CD9A300A4E380 /* App_Class */,
				5CB8C59A292CD79200A4E380 /* App_Extension */,
				5CB8C588292CD16B00A4E380 /* SceneDelegate.swift */,
				5CB8C58F292CD16F00A4E380 /* Assets.xcassets */,
				5CB8C591292CD16F00A4E380 /* LaunchScreen.storyboard */,
				5CB8C594292CD16F00A4E380 /* Info.plist */,
			);
			path = Employee;
			sourceTree = "<group>";
		};
		5CB8C59A292CD79200A4E380 /* App_Extension */ = {
			isa = PBXGroup;
			children = (
				5CB8C5F7292CE6E300A4E380 /* StoryboardDesignable.swift */,
				5CB8C5F5292CE6A800A4E380 /* UIViewControllerExtension.swift */,
				5CB8C5BA292CE38300A4E380 /* UIFontExtension.swift */,
				5CB8C59B292CD7AA00A4E380 /* UIViewExtension.swift */,
			);
			path = App_Extension;
			sourceTree = "<group>";
		};
		5CB8C59D292CD9A300A4E380 /* App_Class */ = {
			isa = PBXGroup;
			children = (
				FE068F652943379D00BF6D79 /* Service */,
				5CBFE9BC292D02E40028FD80 /* DBHelper */,
				5CB8C5B7292CE28800A4E380 /* ThemeManager */,
				5CB8C5AC292CDA9300A4E380 /* LoadingIndicator */,
				5CB8C5A9292CDA4F00A4E380 /* Reachability */,
			);
			path = App_Class;
			sourceTree = "<group>";
		};
		5CB8C5A9292CDA4F00A4E380 /* Reachability */ = {
			isa = PBXGroup;
			children = (
				5CB8C5AA292CDA4F00A4E380 /* Reachability.swift */,
			);
			path = Reachability;
			sourceTree = "<group>";
		};
		5CB8C5AC292CDA9300A4E380 /* LoadingIndicator */ = {
			isa = PBXGroup;
			children = (
				5CB8C5AD292CDA9300A4E380 /* LoadingIndicator.xib */,
				5CB8C5AE292CDA9300A4E380 /* LoadingIndicator.swift */,
			);
			path = LoadingIndicator;
			sourceTree = "<group>";
		};
		5CB8C5B4292CE21B00A4E380 /* Application */ = {
			isa = PBXGroup;
			children = (
				5CB8C5B5292CE23500A4E380 /* AppSingleton.swift */,
				5CB8C586292CD16A00A4E380 /* AppDelegate.swift */,
			);
			path = Application;
			sourceTree = "<group>";
		};
		5CB8C5B7292CE28800A4E380 /* ThemeManager */ = {
			isa = PBXGroup;
			children = (
				5CB8C5B8292CE28800A4E380 /* ThemeManager.swift */,
			);
			path = ThemeManager;
			sourceTree = "<group>";
		};
		5CBFE9BC292D02E40028FD80 /* DBHelper */ = {
			isa = PBXGroup;
			children = (
				5CBFE9BD292D02E40028FD80 /* DBHelper.swift */,
			);
			path = DBHelper;
			sourceTree = "<group>";
		};
		FE068F652943379D00BF6D79 /* Service */ = {
			isa = PBXGroup;
			children = (
				FE068F672943379D00BF6D79 /* HTTPMethod.swift */,
				FE068F682943379D00BF6D79 /* HTTPHeader.swift */,
				FE068F692943379D00BF6D79 /* ServiceManager.swift */,
				FE068F6A2943379D00BF6D79 /* RequestError.swift */,
			);
			path = Service;
			sourceTree = "<group>";
		};
/* End PBXGroup section */

/* Begin PBXNativeTarget section */
		5CB8C582292CD16A00A4E380 /* Employee */ = {
			isa = PBXNativeTarget;
			buildConfigurationList = 5CB8C597292CD16F00A4E380 /* Build configuration list for PBXNativeTarget "Employee" */;
			buildPhases = (
				5CB8C57F292CD16A00A4E380 /* Sources */,
				5CB8C580292CD16A00A4E380 /* Frameworks */,
				5CB8C581292CD16A00A4E380 /* Resources */,
			);
			buildRules = (
			);
			dependencies = (
			);
			name = Employee;
			packageProductDependencies = (
				FE702783292D0B5F0014EBAA /* SwiftMessages */,
			);
			productName = Employee;
			productReference = 5CB8C583292CD16A00A4E380 /* Employee.app */;
			productType = "com.apple.product-type.application";
		};
/* End PBXNativeTarget section */

/* Begin PBXProject section */
		5CB8C57B292CD16A00A4E380 /* Project object */ = {
			isa = PBXProject;
			attributes = {
				BuildIndependentTargetsInParallel = 1;
				LastSwiftUpdateCheck = 1330;
				LastUpgradeCheck = 1330;
				TargetAttributes = {
					5CB8C582292CD16A00A4E380 = {
						CreatedOnToolsVersion = 13.3.1;
					};
				};
			};
			buildConfigurationList = 5CB8C57E292CD16A00A4E380 /* Build configuration list for PBXProject "Employee" */;
			compatibilityVersion = "Xcode 13.0";
			developmentRegion = en;
			hasScannedForEncodings = 0;
			knownRegions = (
				en,
				Base,
			);
			mainGroup = 5CB8C57A292CD16A00A4E380;
			packageReferences = (
				FE702782292D0B5F0014EBAA /* XCRemoteSwiftPackageReference "SwiftMessages" */,
			);
			productRefGroup = 5CB8C584292CD16A00A4E380 /* Products */;
			projectDirPath = "";
			projectRoot = "";
			targets = (
				5CB8C582292CD16A00A4E380 /* Employee */,
			);
		};
/* End PBXProject section */

/* Begin PBXResourcesBuildPhase section */
		5CB8C581292CD16A00A4E380 /* Resources */ = {
			isa = PBXResourcesBuildPhase;
			buildActionMask = 2147483647;
			files = (
				5CB8C5AF292CDA9300A4E380 /* LoadingIndicator.xib in Resources */,
				5CB8C593292CD16F00A4E380 /* LaunchScreen.storyboard in Resources */,
				5CB8C590292CD16F00A4E380 /* Assets.xcassets in Resources */,
			);
			runOnlyForDeploymentPostprocessing = 0;
		};
/* End PBXResourcesBuildPhase section */

/* Begin PBXSourcesBuildPhase section */
		5CB8C57F292CD16A00A4E380 /* Sources */ = {
			isa = PBXSourcesBuildPhase;
			buildActionMask = 2147483647;
			files = (
				FE068F6E2943379D00BF6D79 /* ServiceManager.swift in Sources */,
				5CB8C5B0292CDA9300A4E380 /* LoadingIndicator.swift in Sources */,
				5CB8C5B6292CE23500A4E380 /* AppSingleton.swift in Sources */,
				5CBFE9BE292D02E40028FD80 /* DBHelper.swift in Sources */,
				FE068F6F2943379D00BF6D79 /* RequestError.swift in Sources */,
				5CB8C587292CD16A00A4E380 /* AppDelegate.swift in Sources */,
				5CB8C5F8292CE6E300A4E380 /* StoryboardDesignable.swift in Sources */,
				5CB8C5B9292CE28800A4E380 /* ThemeManager.swift in Sources */,
				FE068F6C2943379D00BF6D79 /* HTTPMethod.swift in Sources */,
				FE068F6D2943379D00BF6D79 /* HTTPHeader.swift in Sources */,
				5CB8C59C292CD7AA00A4E380 /* UIViewExtension.swift in Sources */,
				5CB8C5BB292CE38300A4E380 /* UIFontExtension.swift in Sources */,
				5CB8C589292CD16B00A4E380 /* SceneDelegate.swift in Sources */,
				5CB8C5AB292CDA4F00A4E380 /* Reachability.swift in Sources */,
				5CB8C5F6292CE6A900A4E380 /* UIViewControllerExtension.swift in Sources */,
			);
			runOnlyForDeploymentPostprocessing = 0;
		};
/* End PBXSourcesBuildPhase section */

/* Begin PBXVariantGroup section */
		5CB8C591292CD16F00A4E380 /* LaunchScreen.storyboard */ = {
			isa = PBXVariantGroup;
			children = (
				5CB8C592292CD16F00A4E380 /* Base */,
			);
			name = LaunchScreen.storyboard;
			sourceTree = "<group>";
		};
/* End PBXVariantGroup section */

/* Begin XCBuildConfiguration section */
		5CB8C595292CD16F00A4E380 /* Debug */ = {
			isa = XCBuildConfiguration;
			buildSettings = {
				ALWAYS_SEARCH_USER_PATHS = NO;
				CLANG_ANALYZER_NONNULL = YES;
				CLANG_ANALYZER_NUMBER_OBJECT_CONVERSION = YES_AGGRESSIVE;
				CLANG_CXX_LANGUAGE_STANDARD = "gnu++17";
				CLANG_ENABLE_MODULES = YES;
				CLANG_ENABLE_OBJC_ARC = YES;
				CLANG_ENABLE_OBJC_WEAK = YES;
				CLANG_WARN_BLOCK_CAPTURE_AUTORELEASING = YES;
				CLANG_WARN_BOOL_CONVERSION = YES;
				CLANG_WARN_COMMA = YES;
				CLANG_WARN_CONSTANT_CONVERSION = YES;
				CLANG_WARN_DEPRECATED_OBJC_IMPLEMENTATIONS = YES;
				CLANG_WARN_DIRECT_OBJC_ISA_USAGE = YES_ERROR;
				CLANG_WARN_DOCUMENTATION_COMMENTS = YES;
				CLANG_WARN_EMPTY_BODY = YES;
				CLANG_WARN_ENUM_CONVERSION = YES;
				CLANG_WARN_INFINITE_RECURSION = YES;
				CLANG_WARN_INT_CONVERSION = YES;
				CLANG_WARN_NON_LITERAL_NULL_CONVERSION = YES;
				CLANG_WARN_OBJC_IMPLICIT_RETAIN_SELF = YES;
				CLANG_WARN_OBJC_LITERAL_CONVERSION = YES;
				CLANG_WARN_OBJC_ROOT_CLASS = YES_ERROR;
				CLANG_WARN_QUOTED_INCLUDE_IN_FRAMEWORK_HEADER = YES;
				CLANG_WARN_RANGE_LOOP_ANALYSIS = YES;
				CLANG_WARN_STRICT_PROTOTYPES = YES;
				CLANG_WARN_SUSPICIOUS_MOVE = YES;
				CLANG_WARN_UNGUARDED_AVAILABILITY = YES_AGGRESSIVE;
				CLANG_WARN_UNREACHABLE_CODE = YES;
				CLANG_WARN__DUPLICATE_METHOD_MATCH = YES;
				COPY_PHASE_STRIP = NO;
				DEBUG_INFORMATION_FORMAT = dwarf;
				ENABLE_STRICT_OBJC_MSGSEND = YES;
				ENABLE_TESTABILITY = YES;
				GCC_C_LANGUAGE_STANDARD = gnu11;
				GCC_DYNAMIC_NO_PIC = NO;
				GCC_NO_COMMON_BLOCKS = YES;
				GCC_OPTIMIZATION_LEVEL = 0;
				GCC_PREPROCESSOR_DEFINITIONS = (
					"DEBUG=1",
					"$(inherited)",
				);
				GCC_WARN_64_TO_32_BIT_CONVERSION = YES;
				GCC_WARN_ABOUT_RETURN_TYPE = YES_ERROR;
				GCC_WARN_UNDECLARED_SELECTOR = YES;
				GCC_WARN_UNINITIALIZED_AUTOS = YES_AGGRESSIVE;
				GCC_WARN_UNUSED_FUNCTION = YES;
				GCC_WARN_UNUSED_VARIABLE = YES;
				IPHONEOS_DEPLOYMENT_TARGET = 15.4;
				MTL_ENABLE_DEBUG_INFO = INCLUDE_SOURCE;
				MTL_FAST_MATH = YES;
				ONLY_ACTIVE_ARCH = YES;
				SDKROOT = iphoneos;
				SWIFT_ACTIVE_COMPILATION_CONDITIONS = DEBUG;
				SWIFT_OPTIMIZATION_LEVEL = "-Onone";
			};
			name = Debug;
		};
		5CB8C596292CD16F00A4E380 /* Release */ = {
			isa = XCBuildConfiguration;
			buildSettings = {
				ALWAYS_SEARCH_USER_PATHS = NO;
				CLANG_ANALYZER_NONNULL = YES;
				CLANG_ANALYZER_NUMBER_OBJECT_CONVERSION = YES_AGGRESSIVE;
				CLANG_CXX_LANGUAGE_STANDARD = "gnu++17";
				CLANG_ENABLE_MODULES = YES;
				CLANG_ENABLE_OBJC_ARC = YES;
				CLANG_ENABLE_OBJC_WEAK = YES;
				CLANG_WARN_BLOCK_CAPTURE_AUTORELEASING = YES;
				CLANG_WARN_BOOL_CONVERSION = YES;
				CLANG_WARN_COMMA = YES;
				CLANG_WARN_CONSTANT_CONVERSION = YES;
				CLANG_WARN_DEPRECATED_OBJC_IMPLEMENTATIONS = YES;
				CLANG_WARN_DIRECT_OBJC_ISA_USAGE = YES_ERROR;
				CLANG_WARN_DOCUMENTATION_COMMENTS = YES;
				CLANG_WARN_EMPTY_BODY = YES;
				CLANG_WARN_ENUM_CONVERSION = YES;
				CLANG_WARN_INFINITE_RECURSION = YES;
				CLANG_WARN_INT_CONVERSION = YES;
				CLANG_WARN_NON_LITERAL_NULL_CONVERSION = YES;
				CLANG_WARN_OBJC_IMPLICIT_RETAIN_SELF = YES;
				CLANG_WARN_OBJC_LITERAL_CONVERSION = YES;
				CLANG_WARN_OBJC_ROOT_CLASS = YES_ERROR;
				CLANG_WARN_QUOTED_INCLUDE_IN_FRAMEWORK_HEADER = YES;
				CLANG_WARN_RANGE_LOOP_ANALYSIS = YES;
				CLANG_WARN_STRICT_PROTOTYPES = YES;
				CLANG_WARN_SUSPICIOUS_MOVE = YES;
				CLANG_WARN_UNGUARDED_AVAILABILITY = YES_AGGRESSIVE;
				CLANG_WARN_UNREACHABLE_CODE = YES;
				CLANG_WARN__DUPLICATE_METHOD_MATCH = YES;
				COPY_PHASE_STRIP = NO;
				DEBUG_INFORMATION_FORMAT = "dwarf-with-dsym";
				ENABLE_NS_ASSERTIONS = NO;
				ENABLE_STRICT_OBJC_MSGSEND = YES;
				GCC_C_LANGUAGE_STANDARD = gnu11;
				GCC_NO_COMMON_BLOCKS = YES;
				GCC_WARN_64_TO_32_BIT_CONVERSION = YES;
				GCC_WARN_ABOUT_RETURN_TYPE = YES_ERROR;
				GCC_WARN_UNDECLARED_SELECTOR = YES;
				GCC_WARN_UNINITIALIZED_AUTOS = YES_AGGRESSIVE;
				GCC_WARN_UNUSED_FUNCTION = YES;
				GCC_WARN_UNUSED_VARIABLE = YES;
				IPHONEOS_DEPLOYMENT_TARGET = 15.4;
				MTL_ENABLE_DEBUG_INFO = NO;
				MTL_FAST_MATH = YES;
				SDKROOT = iphoneos;
				SWIFT_COMPILATION_MODE = wholemodule;
				SWIFT_OPTIMIZATION_LEVEL = "-O";
				VALIDATE_PRODUCT = YES;
			};
			name = Release;
		};
		5CB8C598292CD16F00A4E380 /* Debug */ = {
			isa = XCBuildConfiguration;
			buildSettings = {
				ASSETCATALOG_COMPILER_APPICON_NAME = AppIcon;
				ASSETCATALOG_COMPILER_GLOBAL_ACCENT_COLOR_NAME = AccentColor;
				CODE_SIGN_STYLE = Automatic;
				CURRENT_PROJECT_VERSION = 1;
				DEVELOPMENT_TEAM = 38L7ZMD32K;
				GENERATE_INFOPLIST_FILE = YES;
				INFOPLIST_FILE = Employee/Info.plist;
				INFOPLIST_KEY_UIApplicationSupportsIndirectInputEvents = YES;
				INFOPLIST_KEY_UILaunchStoryboardName = LaunchScreen;
				INFOPLIST_KEY_UIMainStoryboardFile = Main;
				INFOPLIST_KEY_UISupportedInterfaceOrientations = "UIInterfaceOrientationPortrait UIInterfaceOrientationPortraitUpsideDown UIInterfaceOrientationLandscapeLeft UIInterfaceOrientationLandscapeRight";
				INFOPLIST_KEY_UISupportedInterfaceOrientations_iPad = "UIInterfaceOrientationPortrait UIInterfaceOrientationPortraitUpsideDown UIInterfaceOrientationLandscapeLeft UIInterfaceOrientationLandscapeRight";
				INFOPLIST_KEY_UISupportedInterfaceOrientations_iPhone = "UIInterfaceOrientationPortrait UIInterfaceOrientationLandscapeLeft UIInterfaceOrientationLandscapeRight";
				IPHONEOS_DEPLOYMENT_TARGET = 15.0;
				LD_RUNPATH_SEARCH_PATHS = (
					"$(inherited)",
					"@executable_path/Frameworks",
				);
				MARKETING_VERSION = 1.0;
				PRODUCT_BUNDLE_IDENTIFIER = com.demo.app.test;
				PRODUCT_NAME = "$(TARGET_NAME)";
				SWIFT_EMIT_LOC_STRINGS = YES;
				SWIFT_VERSION = 5.0;
				TARGETED_DEVICE_FAMILY = "1,2";
			};
			name = Debug;
		};
		5CB8C599292CD16F00A4E380 /* Release */ = {
			isa = XCBuildConfiguration;
			buildSettings = {
				ASSETCATALOG_COMPILER_APPICON_NAME = AppIcon;
				ASSETCATALOG_COMPILER_GLOBAL_ACCENT_COLOR_NAME = AccentColor;
				CODE_SIGN_STYLE = Automatic;
				CURRENT_PROJECT_VERSION = 1;
				DEVELOPMENT_TEAM = 38L7ZMD32K;
				GENERATE_INFOPLIST_FILE = YES;
				INFOPLIST_FILE = Employee/Info.plist;
				INFOPLIST_KEY_UIApplicationSupportsIndirectInputEvents = YES;
				INFOPLIST_KEY_UILaunchStoryboardName = LaunchScreen;
				INFOPLIST_KEY_UIMainStoryboardFile = Main;
				INFOPLIST_KEY_UISupportedInterfaceOrientations = "UIInterfaceOrientationPortrait UIInterfaceOrientationPortraitUpsideDown UIInterfaceOrientationLandscapeLeft UIInterfaceOrientationLandscapeRight";
				INFOPLIST_KEY_UISupportedInterfaceOrientations_iPad = "UIInterfaceOrientationPortrait UIInterfaceOrientationPortraitUpsideDown UIInterfaceOrientationLandscapeLeft UIInterfaceOrientationLandscapeRight";
				INFOPLIST_KEY_UISupportedInterfaceOrientations_iPhone = "UIInterfaceOrientationPortrait UIInterfaceOrientationLandscapeLeft UIInterfaceOrientationLandscapeRight";
				IPHONEOS_DEPLOYMENT_TARGET = 15.0;
				LD_RUNPATH_SEARCH_PATHS = (
					"$(inherited)",
					"@executable_path/Frameworks",
				);
				MARKETING_VERSION = 1.0;
				PRODUCT_BUNDLE_IDENTIFIER = com.demo.app.test;
				PRODUCT_NAME = "$(TARGET_NAME)";
				SWIFT_EMIT_LOC_STRINGS = YES;
				SWIFT_VERSION = 5.0;
				TARGETED_DEVICE_FAMILY = "1,2";
			};
			name = Release;
		};
/* End XCBuildConfiguration section */

/* Begin XCConfigurationList section */
		5CB8C57E292CD16A00A4E380 /* Build configuration list for PBXProject "Employee" */ = {
			isa = XCConfigurationList;
			buildConfigurations = (
				5CB8C595292CD16F00A4E380 /* Debug */,
				5CB8C596292CD16F00A4E380 /* Release */,
			);
			defaultConfigurationIsVisible = 0;
			defaultConfigurationName = Release;
		};
		5CB8C597292CD16F00A4E380 /* Build configuration list for PBXNativeTarget "Employee" */ = {
			isa = XCConfigurationList;
			buildConfigurations = (
				5CB8C598292CD16F00A4E380 /* Debug */,
				5CB8C599292CD16F00A4E380 /* Release */,
			);
			defaultConfigurationIsVisible = 0;
			defaultConfigurationName = Release;
		};
/* End XCConfigurationList section */

/* Begin XCRemoteSwiftPackageReference section */
		FE702782292D0B5F0014EBAA /* XCRemoteSwiftPackageReference "SwiftMessages" */ = {
			isa = XCRemoteSwiftPackageReference;
			repositoryURL = "https://github.com/SwiftKickMobile/SwiftMessages";
			requirement = {
				kind = exactVersion;
				version = 9.0.6;
			};
		};
/* End XCRemoteSwiftPackageReference section */

/* Begin XCSwiftPackageProductDependency section */
		FE702783292D0B5F0014EBAA /* SwiftMessages */ = {
			isa = XCSwiftPackageProductDependency;
			package = FE702782292D0B5F0014EBAA /* XCRemoteSwiftPackageReference "SwiftMessages" */;
			productName = SwiftMessages;
		};
/* End XCSwiftPackageProductDependency section */
	};
	rootObject = 5CB8C57B292CD16A00A4E380 /* Project object */;
}
